{
  "nodes": {
    "home-manager": {
      "inputs": {
        "nixpkgs": [
          "nixpkgs"
        ]
      },
      "locked": {
        "lastModified": 1621272303,
        "narHash": "sha256-i4Hzi6RvifH39naj7/A88Ty3+9m6ceg/xjLKfERis/M=",
        "owner": "nix-community",
        "repo": "home-manager",
        "rev": "b0688a631b63d6a37425f528c1cf1c4ceea9edd5",
        "type": "github"
      },
      "original": {
        "owner": "nix-community",
        "ref": "master",
        "repo": "home-manager",
        "type": "github"
      }
    },
    "nixpkgs": {
      "locked": {
        "lastModified": 1621073999,
        "narHash": "sha256-Cp99YreSFedcWovxNmO8g8qFYltQQJPRLfuot6Z7iGE=",
        "owner": "NixOS",
        "repo": "nixpkgs",
        "rev": "83d907fd760d9ee4f49b4b7e4b1c6682f137b573",
        "type": "github"
      },
      "original": {
        "owner": "NixOS",
        "ref": "nixos-unstable",
        "repo": "nixpkgs",
        "type": "github"
      }
    },
    "root": {
      "inputs": {
        "home-manager": "home-manager",
        "nixpkgs": "nixpkgs"
      }
    }
  },
  "root": "root",
  "version": 7
}
