{
  "nodes": {
    "agenix": {
      "inputs": {
        "nixpkgs": [
          "nixpkgs"
        ]
      },
      "locked": {
        "lastModified": 1643841757,
        "narHash": "sha256-9tKhu4JzoZvustC9IEWK6wKcDhPLuK/ICbLgm8QnLnk=",
        "owner": "ryantm",
        "repo": "agenix",
        "rev": "a17d1f30550260f8b45764ddbd0391f4b1ed714a",
        "type": "github"
      },
      "original": {
        "owner": "ryantm",
        "repo": "agenix",
        "type": "github"
      }
    },
    "emacs-overlay": {
      "locked": {
        "lastModified": 1644806703,
        "narHash": "sha256-Vsk4tcfawgJje+76f97nENsps0L4VPNEqGjV/lUYpas=",
        "owner": "nix-community",
        "repo": "emacs-overlay",
        "rev": "c9d000eea5d9bcecbf881ed3feca6db8764f73ed",
        "type": "github"
      },
      "original": {
        "owner": "nix-community",
        "repo": "emacs-overlay",
        "type": "github"
      }
    },
    "home-manager": {
      "inputs": {
        "nixpkgs": [
          "nixpkgs"
        ]
      },
      "locked": {
        "lastModified": 1644706973,
        "narHash": "sha256-xOyxrhc5V79u0ZNmnPmJbY3ngtp43dNISEmrb8Ie6wQ=",
        "owner": "nix-community",
        "repo": "home-manager",
        "rev": "7c2ae0bdd20ddcaafe41ef669226a1df67f8aa06",
        "type": "github"
      },
      "original": {
        "owner": "nix-community",
        "ref": "master",
        "repo": "home-manager",
        "type": "github"
      }
    },
    "nixpkgs": {
      "locked": {
        "lastModified": 1644659125,
        "narHash": "sha256-KRdR628/wsqwC8ylJQVpOBqSOLjEfd1UTEYsiRzlNSI=",
        "owner": "NixOS",
        "repo": "nixpkgs",
        "rev": "01af894a76992f9ad1b00bc722ee76c553307567",
        "type": "github"
      },
      "original": {
        "owner": "NixOS",
        "ref": "nixos-unstable",
        "repo": "nixpkgs",
        "type": "github"
      }
    },
    "root": {
      "inputs": {
        "agenix": "agenix",
        "emacs-overlay": "emacs-overlay",
        "home-manager": "home-manager",
        "nixpkgs": "nixpkgs"
      }
    }
  },
  "root": "root",
  "version": 7
}
